
Microsoft Visual Studio Solution File, Format Version 12.00
# Visual Studio Version 17
VisualStudioVersion = 17.12.35707.178
MinimumVisualStudioVersion = 10.0.40219.1
Project("{FAE04EC0-301F-11D3-BF4B-00C04F79EFBC}") = "Game1377_Exercises", "Game1377_Exercises\Game1377_Exercises.csproj", "{BDB6B7FC-5C73-4BB0-8555-C2020AAA0A15}"
EndProject
Project("{FAE04EC0-301F-11D3-BF4B-00C04F79EFBC}") = "Ex1", "Ex1\Ex1.csproj", "{E246EEDB-F972-48A8-8715-947CF6AB3DCB}"
EndProject
Project("{FAE04EC0-301F-11D3-BF4B-00C04F79EFBC}") = "Ex2", "Ex2\Ex2.csproj", "{5819626F-19FE-4899-8059-D7063FA0AF6C}"
EndProject
Global
	GlobalSection(SolutionConfigurationPlatforms) = preSolution
		Debug|Any CPU = Debug|Any CPU
		Release|Any CPU = Release|Any CPU
	EndGlobalSection
	GlobalSection(ProjectConfigurationPlatforms) = postSolution
		{BDB6B7FC-5C73-4BB0-8555-C2020AAA0A15}.Debug|Any CPU.ActiveCfg = Debug|Any CPU
		{BDB6B7FC-5C73-4BB0-8555-C2020AAA0A15}.Debug|Any CPU.Build.0 = Debug|Any CPU
		{BDB6B7FC-5C73-4BB0-8555-C2020AAA0A15}.Release|Any CPU.ActiveCfg = Release|Any CPU
		{BDB6B7FC-5C73-4BB0-8555-C2020AAA0A15}.Release|Any CPU.Build.0 = Release|Any CPU
		{E246EEDB-F972-48A8-8715-947CF6AB3DCB}.Debug|Any CPU.ActiveCfg = Debug|Any CPU
		{E246EEDB-F972-48A8-8715-947CF6AB3DCB}.Debug|Any CPU.Build.0 = Debug|Any CPU
		{E246EEDB-F972-48A8-8715-947CF6AB3DCB}.Release|Any CPU.ActiveCfg = Release|Any CPU
		{E246EEDB-F972-48A8-8715-947CF6AB3DCB}.Release|Any CPU.Build.0 = Release|Any CPU
		{5819626F-19FE-4899-8059-D7063FA0AF6C}.Debug|Any CPU.ActiveCfg = Debug|Any CPU
		{5819626F-19FE-4899-8059-D7063FA0AF6C}.Debug|Any CPU.Build.0 = Debug|Any CPU
		{5819626F-19FE-4899-8059-D7063FA0AF6C}.Release|Any CPU.ActiveCfg = Release|Any CPU
		{5819626F-19FE-4899-8059-D7063FA0AF6C}.Release|Any CPU.Build.0 = Release|Any CPU
	EndGlobalSection
	GlobalSection(SolutionProperties) = preSolution
		HideSolutionNode = FALSE
	EndGlobalSection
EndGlobal
